// !$*UTF8*$!
{
	archiveVersion = 1;
	classes = {
	};
	objectVersion = 48;
	objects = {

/* Begin PBXBuildFile section */
		262DFE1C20953677005E8BD1 /* StorageManager.swift in Sources */ = {isa = PBXBuildFile; fileRef = 262DFE1B20953677005E8BD1 /* StorageManager.swift */; };
		262DFE1E20978AF7005E8BD1 /* FavouriteCollectionViewCell.swift in Sources */ = {isa = PBXBuildFile; fileRef = 262DFE1D20978AF7005E8BD1 /* FavouriteCollectionViewCell.swift */; };
		26464937209AF931004D98BE /* InfoTableViewController.swift in Sources */ = {isa = PBXBuildFile; fileRef = 26464936209AF931004D98BE /* InfoTableViewController.swift */; };
		269A61FD20919066003B7182 /* FeedTableViewCell.swift in Sources */ = {isa = PBXBuildFile; fileRef = 269A61FB20919066003B7182 /* FeedTableViewCell.swift */; };
		269A620020919163003B7182 /* FeedViewController.swift in Sources */ = {isa = PBXBuildFile; fileRef = 269A61FF20919163003B7182 /* FeedViewController.swift */; };
		269A62022091917B003B7182 /* FavouriteViewController.swift in Sources */ = {isa = PBXBuildFile; fileRef = 269A62012091917B003B7182 /* FavouriteViewController.swift */; };
		269A62042092AB56003B7182 /* LoadMoreViewController.swift in Sources */ = {isa = PBXBuildFile; fileRef = 269A62032092AB56003B7182 /* LoadMoreViewController.swift */; };
		269A62082092BCE4003B7182 /* LoadingHeaderFooterView.swift in Sources */ = {isa = PBXBuildFile; fileRef = 269A62062092BCE3003B7182 /* LoadingHeaderFooterView.swift */; };
		269A62092092BCE4003B7182 /* LoadingHeaderFooterView.xib in Resources */ = {isa = PBXBuildFile; fileRef = 269A62072092BCE3003B7182 /* LoadingHeaderFooterView.xib */; };
		269A620D2092BDA8003B7182 /* LoadingView.xib in Resources */ = {isa = PBXBuildFile; fileRef = 269A620B2092BDA8003B7182 /* LoadingView.xib */; };
		269A620E2092BDA8003B7182 /* LoadingView.swift in Sources */ = {isa = PBXBuildFile; fileRef = 269A620C2092BDA8003B7182 /* LoadingView.swift */; };
		269A62122092BE62003B7182 /* EmptyStateView.swift in Sources */ = {isa = PBXBuildFile; fileRef = 269A62102092BE62003B7182 /* EmptyStateView.swift */; };
		269A62132092BE62003B7182 /* EmptyStateView.xib in Resources */ = {isa = PBXBuildFile; fileRef = 269A62112092BE62003B7182 /* EmptyStateView.xib */; };
		269A62162092C679003B7182 /* RequestManager.swift in Sources */ = {isa = PBXBuildFile; fileRef = 269A62152092C679003B7182 /* RequestManager.swift */; };
		26A4A7C3209186FF009B56CB /* AppDelegate.swift in Sources */ = {isa = PBXBuildFile; fileRef = 26A4A7C2209186FF009B56CB /* AppDelegate.swift */; };
		26A4A7C8209186FF009B56CB /* Main.storyboard in Resources */ = {isa = PBXBuildFile; fileRef = 26A4A7C6209186FF009B56CB /* Main.storyboard */; };
		26A4A7CD209186FF009B56CB /* LaunchScreen.storyboard in Resources */ = {isa = PBXBuildFile; fileRef = 26A4A7CB209186FF009B56CB /* LaunchScreen.storyboard */; };
		26DB220F2099A24900A34D3E /* Extensions.swift in Sources */ = {isa = PBXBuildFile; fileRef = 26DB220E2099A24900A34D3E /* Extensions.swift */; };
		26F9BBA52098209A003E0B8E /* FavouriteGif.swift in Sources */ = {isa = PBXBuildFile; fileRef = 26F9BBA42098209A003E0B8E /* FavouriteGif.swift */; };
		26F9BBAA20994E4E003E0B8E /* PopUpViewController.swift in Sources */ = {isa = PBXBuildFile; fileRef = 26F9BBA920994E4E003E0B8E /* PopUpViewController.swift */; };
		26F9BBAD209965F3003E0B8E /* ButtonWithShadow.swift in Sources */ = {isa = PBXBuildFile; fileRef = 26F9BBAC209965F3003E0B8E /* ButtonWithShadow.swift */; };
		26F9BBAF209970B5003E0B8E /* Assets.xcassets in Resources */ = {isa = PBXBuildFile; fileRef = 26F9BBAE209970B5003E0B8E /* Assets.xcassets */; };
		BCDA6CDF6CA0B8B9E1D00B56 /* Pods_FreshGIFs.framework in Frameworks */ = {isa = PBXBuildFile; fileRef = 88909166E0F2145AAD29B72D /* Pods_FreshGIFs.framework */; };
/* End PBXBuildFile section */

/* Begin PBXFileReference section */
		262DFE1B20953677005E8BD1 /* StorageManager.swift */ = {isa = PBXFileReference; lastKnownFileType = sourcecode.swift; path = StorageManager.swift; sourceTree = "<group>"; };
		262DFE1D20978AF7005E8BD1 /* FavouriteCollectionViewCell.swift */ = {isa = PBXFileReference; lastKnownFileType = sourcecode.swift; path = FavouriteCollectionViewCell.swift; sourceTree = "<group>"; };
		26464936209AF931004D98BE /* InfoTableViewController.swift */ = {isa = PBXFileReference; lastKnownFileType = sourcecode.swift; path = InfoTableViewController.swift; sourceTree = "<group>"; };
		269A61FB20919066003B7182 /* FeedTableViewCell.swift */ = {isa = PBXFileReference; lastKnownFileType = sourcecode.swift; path = FeedTableViewCell.swift; sourceTree = "<group>"; };
		269A61FF20919163003B7182 /* FeedViewController.swift */ = {isa = PBXFileReference; lastKnownFileType = sourcecode.swift; path = FeedViewController.swift; sourceTree = "<group>"; };
		269A62012091917B003B7182 /* FavouriteViewController.swift */ = {isa = PBXFileReference; lastKnownFileType = sourcecode.swift; path = FavouriteViewController.swift; sourceTree = "<group>"; };
		269A62032092AB56003B7182 /* LoadMoreViewController.swift */ = {isa = PBXFileReference; lastKnownFileType = sourcecode.swift; path = LoadMoreViewController.swift; sourceTree = "<group>"; };
		269A62062092BCE3003B7182 /* LoadingHeaderFooterView.swift */ = {isa = PBXFileReference; fileEncoding = 4; lastKnownFileType = sourcecode.swift; path = LoadingHeaderFooterView.swift; sourceTree = "<group>"; };
		269A62072092BCE3003B7182 /* LoadingHeaderFooterView.xib */ = {isa = PBXFileReference; fileEncoding = 4; lastKnownFileType = file.xib; path = LoadingHeaderFooterView.xib; sourceTree = "<group>"; };
		269A620B2092BDA8003B7182 /* LoadingView.xib */ = {isa = PBXFileReference; fileEncoding = 4; lastKnownFileType = file.xib; path = LoadingView.xib; sourceTree = "<group>"; };
		269A620C2092BDA8003B7182 /* LoadingView.swift */ = {isa = PBXFileReference; fileEncoding = 4; lastKnownFileType = sourcecode.swift; path = LoadingView.swift; sourceTree = "<group>"; };
		269A62102092BE62003B7182 /* EmptyStateView.swift */ = {isa = PBXFileReference; fileEncoding = 4; lastKnownFileType = sourcecode.swift; path = EmptyStateView.swift; sourceTree = "<group>"; };
		269A62112092BE62003B7182 /* EmptyStateView.xib */ = {isa = PBXFileReference; fileEncoding = 4; lastKnownFileType = file.xib; path = EmptyStateView.xib; sourceTree = "<group>"; };
		269A62152092C679003B7182 /* RequestManager.swift */ = {isa = PBXFileReference; lastKnownFileType = sourcecode.swift; path = RequestManager.swift; sourceTree = "<group>"; };
		26A4A7BF209186FF009B56CB /* FreshGIFs.app */ = {isa = PBXFileReference; explicitFileType = wrapper.application; includeInIndex = 0; path = FreshGIFs.app; sourceTree = BUILT_PRODUCTS_DIR; };
		26A4A7C2209186FF009B56CB /* AppDelegate.swift */ = {isa = PBXFileReference; lastKnownFileType = sourcecode.swift; path = AppDelegate.swift; sourceTree = "<group>"; };
		26A4A7C7209186FF009B56CB /* Base */ = {isa = PBXFileReference; lastKnownFileType = file.storyboard; name = Base; path = Base.lproj/Main.storyboard; sourceTree = "<group>"; };
		26A4A7CC209186FF009B56CB /* Base */ = {isa = PBXFileReference; lastKnownFileType = file.storyboard; name = Base; path = Base.lproj/LaunchScreen.storyboard; sourceTree = "<group>"; };
		26A4A7CE209186FF009B56CB /* Info.plist */ = {isa = PBXFileReference; lastKnownFileType = text.plist.xml; path = Info.plist; sourceTree = "<group>"; };
		26DB220E2099A24900A34D3E /* Extensions.swift */ = {isa = PBXFileReference; lastKnownFileType = sourcecode.swift; name = Extensions.swift; path = Layout/Extensions.swift; sourceTree = "<group>"; };
		26F9BBA42098209A003E0B8E /* FavouriteGif.swift */ = {isa = PBXFileReference; lastKnownFileType = sourcecode.swift; path = FavouriteGif.swift; sourceTree = "<group>"; };
		26F9BBA920994E4E003E0B8E /* PopUpViewController.swift */ = {isa = PBXFileReference; lastKnownFileType = sourcecode.swift; path = PopUpViewController.swift; sourceTree = "<group>"; };
		26F9BBAC209965F3003E0B8E /* ButtonWithShadow.swift */ = {isa = PBXFileReference; lastKnownFileType = sourcecode.swift; path = ButtonWithShadow.swift; sourceTree = "<group>"; };
		26F9BBAE209970B5003E0B8E /* Assets.xcassets */ = {isa = PBXFileReference; lastKnownFileType = folder.assetcatalog; path = Assets.xcassets; sourceTree = "<group>"; };
		2D34DFDDC41A869CF26A48B2 /* Pods-FreshGIFs.debug.xcconfig */ = {isa = PBXFileReference; includeInIndex = 1; lastKnownFileType = text.xcconfig; name = "Pods-FreshGIFs.debug.xcconfig"; path = "Pods/Target Support Files/Pods-FreshGIFs/Pods-FreshGIFs.debug.xcconfig"; sourceTree = "<group>"; };
		88909166E0F2145AAD29B72D /* Pods_FreshGIFs.framework */ = {isa = PBXFileReference; explicitFileType = wrapper.framework; includeInIndex = 0; path = Pods_FreshGIFs.framework; sourceTree = BUILT_PRODUCTS_DIR; };
		DD874F8DB5CF8E4BE5EE7E8B /* Pods-FreshGIFs.release.xcconfig */ = {isa = PBXFileReference; includeInIndex = 1; lastKnownFileType = text.xcconfig; name = "Pods-FreshGIFs.release.xcconfig"; path = "Pods/Target Support Files/Pods-FreshGIFs/Pods-FreshGIFs.release.xcconfig"; sourceTree = "<group>"; };
/* End PBXFileReference section */

/* Begin PBXFrameworksBuildPhase section */
		26A4A7BC209186FF009B56CB /* Frameworks */ = {
			isa = PBXFrameworksBuildPhase;
			buildActionMask = 2147483647;
			files = (
				BCDA6CDF6CA0B8B9E1D00B56 /* Pods_FreshGIFs.framework in Frameworks */,
			);
			runOnlyForDeploymentPostprocessing = 0;
		};
/* End PBXFrameworksBuildPhase section */

/* Begin PBXGroup section */
		26464932209A64B1004D98BE /* Storyboard */ = {
			isa = PBXGroup;
			children = (
				26A4A7C6209186FF009B56CB /* Main.storyboard */,
				26A4A7CB209186FF009B56CB /* LaunchScreen.storyboard */,
			);
			path = Storyboard;
			sourceTree = "<group>";
		};
		269A61F320918F9A003B7182 /* View */ = {
			isa = PBXGroup;
			children = (
				26464932209A64B1004D98BE /* Storyboard */,
				26F9BBAE209970B5003E0B8E /* Assets.xcassets */,
				26F9BBAB209965E0003E0B8E /* Button */,
				269A620F2092BE30003B7182 /* EmptyStateView */,
				269A620A2092BD7B003B7182 /* LoadingView */,
				269A62052092B52A003B7182 /* HeaderFooterView */,
				269A61F82091900C003B7182 /* CollectionViewCell */,
				269A61F720919001003B7182 /* TableViewCell */,
			);
			path = View;
			sourceTree = "<group>";
		};
		269A61F520918FD0003B7182 /* Model */ = {
			isa = PBXGroup;
			children = (
				26F9BBA42098209A003E0B8E /* FavouriteGif.swift */,
			);
			path = Model;
			sourceTree = "<group>";
		};
		269A61F620918FD6003B7182 /* Controller */ = {
			isa = PBXGroup;
			children = (
				269A61FF20919163003B7182 /* FeedViewController.swift */,
				269A62012091917B003B7182 /* FavouriteViewController.swift */,
				26F9BBA920994E4E003E0B8E /* PopUpViewController.swift */,
				26464936209AF931004D98BE /* InfoTableViewController.swift */,
			);
			path = Controller;
			sourceTree = "<group>";
		};
		269A61F720919001003B7182 /* TableViewCell */ = {
			isa = PBXGroup;
			children = (
				269A61FB20919066003B7182 /* FeedTableViewCell.swift */,
			);
			path = TableViewCell;
			sourceTree = "<group>";
		};
		269A61F82091900C003B7182 /* CollectionViewCell */ = {
			isa = PBXGroup;
			children = (
				262DFE1D20978AF7005E8BD1 /* FavouriteCollectionViewCell.swift */,
			);
			path = CollectionViewCell;
			sourceTree = "<group>";
		};
		269A62052092B52A003B7182 /* HeaderFooterView */ = {
			isa = PBXGroup;
			children = (
				269A62062092BCE3003B7182 /* LoadingHeaderFooterView.swift */,
				269A62072092BCE3003B7182 /* LoadingHeaderFooterView.xib */,
			);
			path = HeaderFooterView;
			sourceTree = "<group>";
		};
		269A620A2092BD7B003B7182 /* LoadingView */ = {
			isa = PBXGroup;
			children = (
				269A620C2092BDA8003B7182 /* LoadingView.swift */,
				269A620B2092BDA8003B7182 /* LoadingView.xib */,
			);
			path = LoadingView;
			sourceTree = "<group>";
		};
		269A620F2092BE30003B7182 /* EmptyStateView */ = {
			isa = PBXGroup;
			children = (
				269A62102092BE62003B7182 /* EmptyStateView.swift */,
				269A62112092BE62003B7182 /* EmptyStateView.xib */,
			);
			path = EmptyStateView;
			sourceTree = "<group>";
		};
		269A62142092C661003B7182 /* Manager */ = {
			isa = PBXGroup;
			children = (
				262DFE1B20953677005E8BD1 /* StorageManager.swift */,
				269A62152092C679003B7182 /* RequestManager.swift */,
			);
			path = Manager;
			sourceTree = "<group>";
		};
		26A4A7B6209186FF009B56CB = {
			isa = PBXGroup;
			children = (
				26A4A7C1209186FF009B56CB /* FreshGIFs */,
				26A4A7C0209186FF009B56CB /* Products */,
				47DBAD272517A9AB7DDF84B1 /* Pods */,
				74295654B6530125EAABF87D /* Frameworks */,
			);
			sourceTree = "<group>";
		};
		26A4A7C0209186FF009B56CB /* Products */ = {
			isa = PBXGroup;
			children = (
				26A4A7BF209186FF009B56CB /* FreshGIFs.app */,
			);
			name = Products;
			sourceTree = "<group>";
		};
		26A4A7C1209186FF009B56CB /* FreshGIFs */ = {
			isa = PBXGroup;
			children = (
				26A4A7CE209186FF009B56CB /* Info.plist */,
				26A4A7C2209186FF009B56CB /* AppDelegate.swift */,
				26DB220E2099A24900A34D3E /* Extensions.swift */,
				269A62032092AB56003B7182 /* LoadMoreViewController.swift */,
				269A61F620918FD6003B7182 /* Controller */,
				269A61F520918FD0003B7182 /* Model */,
				269A61F320918F9A003B7182 /* View */,
				269A62142092C661003B7182 /* Manager */,
			);
			path = FreshGIFs;
			sourceTree = "<group>";
		};
		26F9BBAB209965E0003E0B8E /* Button */ = {
			isa = PBXGroup;
			children = (
				26F9BBAC209965F3003E0B8E /* ButtonWithShadow.swift */,
			);
			path = Button;
			sourceTree = "<group>";
		};
		47DBAD272517A9AB7DDF84B1 /* Pods */ = {
			isa = PBXGroup;
			children = (
				2D34DFDDC41A869CF26A48B2 /* Pods-FreshGIFs.debug.xcconfig */,
				DD874F8DB5CF8E4BE5EE7E8B /* Pods-FreshGIFs.release.xcconfig */,
			);
			name = Pods;
			sourceTree = "<group>";
		};
		74295654B6530125EAABF87D /* Frameworks */ = {
			isa = PBXGroup;
			children = (
				88909166E0F2145AAD29B72D /* Pods_FreshGIFs.framework */,
			);
			name = Frameworks;
			sourceTree = "<group>";
		};
/* End PBXGroup section */

/* Begin PBXNativeTarget section */
		26A4A7BE209186FF009B56CB /* FreshGIFs */ = {
			isa = PBXNativeTarget;
			buildConfigurationList = 26A4A7D1209186FF009B56CB /* Build configuration list for PBXNativeTarget "FreshGIFs" */;
			buildPhases = (
				6053CBD7C173EA52A12A821C /* [CP] Check Pods Manifest.lock */,
				26A4A7BB209186FF009B56CB /* Sources */,
				26A4A7BC209186FF009B56CB /* Frameworks */,
				26A4A7BD209186FF009B56CB /* Resources */,
				D56F21FA4822D57625000F36 /* [CP] Embed Pods Frameworks */,
			);
			buildRules = (
			);
			dependencies = (
			);
			name = FreshGIFs;
			productName = FreshGIFs;
			productReference = 26A4A7BF209186FF009B56CB /* FreshGIFs.app */;
			productType = "com.apple.product-type.application";
		};
/* End PBXNativeTarget section */

/* Begin PBXProject section */
		26A4A7B7209186FF009B56CB /* Project object */ = {
			isa = PBXProject;
			attributes = {
				LastSwiftUpdateCheck = 0920;
				LastUpgradeCheck = 0920;
				ORGANIZATIONNAME = rgreso;
				TargetAttributes = {
					26A4A7BE209186FF009B56CB = {
						CreatedOnToolsVersion = 9.2;
						ProvisioningStyle = Automatic;
					};
				};
			};
			buildConfigurationList = 26A4A7BA209186FF009B56CB /* Build configuration list for PBXProject "FreshGIFs" */;
			compatibilityVersion = "Xcode 8.0";
			developmentRegion = en;
			hasScannedForEncodings = 0;
			knownRegions = (
				en,
				Base,
			);
			mainGroup = 26A4A7B6209186FF009B56CB;
			productRefGroup = 26A4A7C0209186FF009B56CB /* Products */;
			projectDirPath = "";
			projectRoot = "";
			targets = (
				26A4A7BE209186FF009B56CB /* FreshGIFs */,
			);
		};
/* End PBXProject section */

/* Begin PBXResourcesBuildPhase section */
		26A4A7BD209186FF009B56CB /* Resources */ = {
			isa = PBXResourcesBuildPhase;
			buildActionMask = 2147483647;
			files = (
				26A4A7CD209186FF009B56CB /* LaunchScreen.storyboard in Resources */,
				269A62092092BCE4003B7182 /* LoadingHeaderFooterView.xib in Resources */,
				269A620D2092BDA8003B7182 /* LoadingView.xib in Resources */,
				269A62132092BE62003B7182 /* EmptyStateView.xib in Resources */,
				26F9BBAF209970B5003E0B8E /* Assets.xcassets in Resources */,
				26A4A7C8209186FF009B56CB /* Main.storyboard in Resources */,
			);
			runOnlyForDeploymentPostprocessing = 0;
		};
/* End PBXResourcesBuildPhase section */

/* Begin PBXShellScriptBuildPhase section */
		6053CBD7C173EA52A12A821C /* [CP] Check Pods Manifest.lock */ = {
			isa = PBXShellScriptBuildPhase;
			buildActionMask = 2147483647;
			files = (
			);
			inputPaths = (
				"${PODS_PODFILE_DIR_PATH}/Podfile.lock",
				"${PODS_ROOT}/Manifest.lock",
			);
			name = "[CP] Check Pods Manifest.lock";
			outputPaths = (
				"$(DERIVED_FILE_DIR)/Pods-FreshGIFs-checkManifestLockResult.txt",
			);
			runOnlyForDeploymentPostprocessing = 0;
			shellPath = /bin/sh;
			shellScript = "diff \"${PODS_PODFILE_DIR_PATH}/Podfile.lock\" \"${PODS_ROOT}/Manifest.lock\" > /dev/null\nif [ $? != 0 ] ; then\n    # print error to STDERR\n    echo \"error: The sandbox is not in sync with the Podfile.lock. Run 'pod install' or update your CocoaPods installation.\" >&2\n    exit 1\nfi\n# This output is used by Xcode 'outputs' to avoid re-running this script phase.\necho \"SUCCESS\" > \"${SCRIPT_OUTPUT_FILE_0}\"\n";
			showEnvVarsInLog = 0;
		};
		D56F21FA4822D57625000F36 /* [CP] Embed Pods Frameworks */ = {
			isa = PBXShellScriptBuildPhase;
			buildActionMask = 2147483647;
			files = (
			);
			inputPaths = (
				"${SRCROOT}/Pods/Target Support Files/Pods-FreshGIFs/Pods-FreshGIFs-frameworks.sh",
				"${BUILT_PRODUCTS_DIR}/Alamofire/Alamofire.framework",
				"${BUILT_PRODUCTS_DIR}/AsyncSwift/Async.framework",
				"${BUILT_PRODUCTS_DIR}/FLAnimatedImage/FLAnimatedImage.framework",
				"${BUILT_PRODUCTS_DIR}/GiphyCoreSDK/GiphyCoreSDK.framework",
				"${BUILT_PRODUCTS_DIR}/GoodSwift/GoodSwift.framework",
				"${BUILT_PRODUCTS_DIR}/PinterestLayout/PinterestLayout.framework",
				"${BUILT_PRODUCTS_DIR}/StatefulViewController/StatefulViewController.framework",
				"${BUILT_PRODUCTS_DIR}/SwiftyGif/SwiftyGif.framework",
				"${BUILT_PRODUCTS_DIR}/Unbox/Unbox.framework",
			);
			name = "[CP] Embed Pods Frameworks";
			outputPaths = (
				"${TARGET_BUILD_DIR}/${FRAMEWORKS_FOLDER_PATH}/Alamofire.framework",
				"${TARGET_BUILD_DIR}/${FRAMEWORKS_FOLDER_PATH}/Async.framework",
				"${TARGET_BUILD_DIR}/${FRAMEWORKS_FOLDER_PATH}/FLAnimatedImage.framework",
				"${TARGET_BUILD_DIR}/${FRAMEWORKS_FOLDER_PATH}/GiphyCoreSDK.framework",
				"${TARGET_BUILD_DIR}/${FRAMEWORKS_FOLDER_PATH}/GoodSwift.framework",
				"${TARGET_BUILD_DIR}/${FRAMEWORKS_FOLDER_PATH}/PinterestLayout.framework",
				"${TARGET_BUILD_DIR}/${FRAMEWORKS_FOLDER_PATH}/StatefulViewController.framework",
				"${TARGET_BUILD_DIR}/${FRAMEWORKS_FOLDER_PATH}/SwiftyGif.framework",
				"${TARGET_BUILD_DIR}/${FRAMEWORKS_FOLDER_PATH}/Unbox.framework",
			);
			runOnlyForDeploymentPostprocessing = 0;
			shellPath = /bin/sh;
			shellScript = "\"${SRCROOT}/Pods/Target Support Files/Pods-FreshGIFs/Pods-FreshGIFs-frameworks.sh\"\n";
			showEnvVarsInLog = 0;
		};
/* End PBXShellScriptBuildPhase section */

/* Begin PBXSourcesBuildPhase section */
		26A4A7BB209186FF009B56CB /* Sources */ = {
			isa = PBXSourcesBuildPhase;
			buildActionMask = 2147483647;
			files = (
				269A62122092BE62003B7182 /* EmptyStateView.swift in Sources */,
				26DB220F2099A24900A34D3E /* Extensions.swift in Sources */,
				262DFE1C20953677005E8BD1 /* StorageManager.swift in Sources */,
				269A61FD20919066003B7182 /* FeedTableViewCell.swift in Sources */,
				269A620020919163003B7182 /* FeedViewController.swift in Sources */,
				269A62042092AB56003B7182 /* LoadMoreViewController.swift in Sources */,
				26F9BBAD209965F3003E0B8E /* ButtonWithShadow.swift in Sources */,
				26F9BBAA20994E4E003E0B8E /* PopUpViewController.swift in Sources */,
				269A62162092C679003B7182 /* RequestManager.swift in Sources */,
				26F9BBA52098209A003E0B8E /* FavouriteGif.swift in Sources */,
				269A62022091917B003B7182 /* FavouriteViewController.swift in Sources */,
				26464937209AF931004D98BE /* InfoTableViewController.swift in Sources */,
				269A620E2092BDA8003B7182 /* LoadingView.swift in Sources */,
				26A4A7C3209186FF009B56CB /* AppDelegate.swift in Sources */,
				262DFE1E20978AF7005E8BD1 /* FavouriteCollectionViewCell.swift in Sources */,
				269A62082092BCE4003B7182 /* LoadingHeaderFooterView.swift in Sources */,
			);
			runOnlyForDeploymentPostprocessing = 0;
		};
/* End PBXSourcesBuildPhase section */

/* Begin PBXVariantGroup section */
		26A4A7C6209186FF009B56CB /* Main.storyboard */ = {
			isa = PBXVariantGroup;
			children = (
				26A4A7C7209186FF009B56CB /* Base */,
			);
			name = Main.storyboard;
			sourceTree = "<group>";
		};
		26A4A7CB209186FF009B56CB /* LaunchScreen.storyboard */ = {
			isa = PBXVariantGroup;
			children = (
				26A4A7CC209186FF009B56CB /* Base */,
			);
			name = LaunchScreen.storyboard;
			sourceTree = "<group>";
		};
/* End PBXVariantGroup section */

/* Begin XCBuildConfiguration section */
		26A4A7CF209186FF009B56CB /* Debug */ = {
			isa = XCBuildConfiguration;
			buildSettings = {
				ALWAYS_SEARCH_USER_PATHS = NO;
				CLANG_ANALYZER_NONNULL = YES;
				CLANG_ANALYZER_NUMBER_OBJECT_CONVERSION = YES_AGGRESSIVE;
				CLANG_CXX_LANGUAGE_STANDARD = "gnu++14";
				CLANG_CXX_LIBRARY = "libc++";
				CLANG_ENABLE_MODULES = YES;
				CLANG_ENABLE_OBJC_ARC = YES;
				CLANG_WARN_BLOCK_CAPTURE_AUTORELEASING = YES;
				CLANG_WARN_BOOL_CONVERSION = YES;
				CLANG_WARN_COMMA = YES;
				CLANG_WARN_CONSTANT_CONVERSION = YES;
				CLANG_WARN_DIRECT_OBJC_ISA_USAGE = YES_ERROR;
				CLANG_WARN_DOCUMENTATION_COMMENTS = YES;
				CLANG_WARN_EMPTY_BODY = YES;
				CLANG_WARN_ENUM_CONVERSION = YES;
				CLANG_WARN_INFINITE_RECURSION = YES;
				CLANG_WARN_INT_CONVERSION = YES;
				CLANG_WARN_NON_LITERAL_NULL_CONVERSION = YES;
				CLANG_WARN_OBJC_LITERAL_CONVERSION = YES;
				CLANG_WARN_OBJC_ROOT_CLASS = YES_ERROR;
				CLANG_WARN_RANGE_LOOP_ANALYSIS = YES;
				CLANG_WARN_STRICT_PROTOTYPES = YES;
				CLANG_WARN_SUSPICIOUS_MOVE = YES;
				CLANG_WARN_UNGUARDED_AVAILABILITY = YES_AGGRESSIVE;
				CLANG_WARN_UNREACHABLE_CODE = YES;
				CLANG_WARN__DUPLICATE_METHOD_MATCH = YES;
				CODE_SIGN_IDENTITY = "iPhone Developer";
				COPY_PHASE_STRIP = NO;
				DEBUG_INFORMATION_FORMAT = dwarf;
				ENABLE_STRICT_OBJC_MSGSEND = YES;
				ENABLE_TESTABILITY = YES;
				GCC_C_LANGUAGE_STANDARD = gnu11;
				GCC_DYNAMIC_NO_PIC = NO;
				GCC_NO_COMMON_BLOCKS = YES;
				GCC_OPTIMIZATION_LEVEL = 0;
				GCC_PREPROCESSOR_DEFINITIONS = (
					"DEBUG=1",
					"$(inherited)",
				);
				GCC_WARN_64_TO_32_BIT_CONVERSION = YES;
				GCC_WARN_ABOUT_RETURN_TYPE = YES_ERROR;
				GCC_WARN_UNDECLARED_SELECTOR = YES;
				GCC_WARN_UNINITIALIZED_AUTOS = YES_AGGRESSIVE;
				GCC_WARN_UNUSED_FUNCTION = YES;
				GCC_WARN_UNUSED_VARIABLE = YES;
				IPHONEOS_DEPLOYMENT_TARGET = 11.2;
				MTL_ENABLE_DEBUG_INFO = YES;
				ONLY_ACTIVE_ARCH = YES;
				SDKROOT = iphoneos;
				SWIFT_ACTIVE_COMPILATION_CONDITIONS = DEBUG;
				SWIFT_OPTIMIZATION_LEVEL = "-Onone";
			};
			name = Debug;
		};
		26A4A7D0209186FF009B56CB /* Release */ = {
			isa = XCBuildConfiguration;
			buildSettings = {
				ALWAYS_SEARCH_USER_PATHS = NO;
				CLANG_ANALYZER_NONNULL = YES;
				CLANG_ANALYZER_NUMBER_OBJECT_CONVERSION = YES_AGGRESSIVE;
				CLANG_CXX_LANGUAGE_STANDARD = "gnu++14";
				CLANG_CXX_LIBRARY = "libc++";
				CLANG_ENABLE_MODULES = YES;
				CLANG_ENABLE_OBJC_ARC = YES;
				CLANG_WARN_BLOCK_CAPTURE_AUTORELEASING = YES;
				CLANG_WARN_BOOL_CONVERSION = YES;
				CLANG_WARN_COMMA = YES;
				CLANG_WARN_CONSTANT_CONVERSION = YES;
				CLANG_WARN_DIRECT_OBJC_ISA_USAGE = YES_ERROR;
				CLANG_WARN_DOCUMENTATION_COMMENTS = YES;
				CLANG_WARN_EMPTY_BODY = YES;
				CLANG_WARN_ENUM_CONVERSION = YES;
				CLANG_WARN_INFINITE_RECURSION = YES;
				CLANG_WARN_INT_CONVERSION = YES;
				CLANG_WARN_NON_LITERAL_NULL_CONVERSION = YES;
				CLANG_WARN_OBJC_LITERAL_CONVERSION = YES;
				CLANG_WARN_OBJC_ROOT_CLASS = YES_ERROR;
				CLANG_WARN_RANGE_LOOP_ANALYSIS = YES;
				CLANG_WARN_STRICT_PROTOTYPES = YES;
				CLANG_WARN_SUSPICIOUS_MOVE = YES;
				CLANG_WARN_UNGUARDED_AVAILABILITY = YES_AGGRESSIVE;
				CLANG_WARN_UNREACHABLE_CODE = YES;
				CLANG_WARN__DUPLICATE_METHOD_MATCH = YES;
				CODE_SIGN_IDENTITY = "iPhone Developer";
				COPY_PHASE_STRIP = NO;
				DEBUG_INFORMATION_FORMAT = "dwarf-with-dsym";
				ENABLE_NS_ASSERTIONS = NO;
				ENABLE_STRICT_OBJC_MSGSEND = YES;
				GCC_C_LANGUAGE_STANDARD = gnu11;
				GCC_NO_COMMON_BLOCKS = YES;
				GCC_WARN_64_TO_32_BIT_CONVERSION = YES;
				GCC_WARN_ABOUT_RETURN_TYPE = YES_ERROR;
				GCC_WARN_UNDECLARED_SELECTOR = YES;
				GCC_WARN_UNINITIALIZED_AUTOS = YES_AGGRESSIVE;
				GCC_WARN_UNUSED_FUNCTION = YES;
				GCC_WARN_UNUSED_VARIABLE = YES;
				IPHONEOS_DEPLOYMENT_TARGET = 11.2;
				MTL_ENABLE_DEBUG_INFO = NO;
				SDKROOT = iphoneos;
				SWIFT_OPTIMIZATION_LEVEL = "-Owholemodule";
				VALIDATE_PRODUCT = YES;
			};
			name = Release;
		};
		26A4A7D2209186FF009B56CB /* Debug */ = {
			isa = XCBuildConfiguration;
			baseConfigurationReference = 2D34DFDDC41A869CF26A48B2 /* Pods-FreshGIFs.debug.xcconfig */;
			buildSettings = {
				ASSETCATALOG_COMPILER_APPICON_NAME = AppIcon;
				CODE_SIGN_STYLE = Automatic;
				DEVELOPMENT_TEAM = QR6RCK8S4B;
				INFOPLIST_FILE = FreshGIFs/Info.plist;
				IPHONEOS_DEPLOYMENT_TARGET = 11.0;
				LD_RUNPATH_SEARCH_PATHS = "$(inherited) @executable_path/Frameworks";
				PRODUCT_BUNDLE_IDENTIFIER = sk.rgreso.FreshGIFs;
				PRODUCT_NAME = "$(TARGET_NAME)";
				SWIFT_VERSION = 4.0;
				TARGETED_DEVICE_FAMILY = 1;
			};
			name = Debug;
		};
		26A4A7D3209186FF009B56CB /* Release */ = {
			isa = XCBuildConfiguration;
			baseConfigurationReference = DD874F8DB5CF8E4BE5EE7E8B /* Pods-FreshGIFs.release.xcconfig */;
			buildSettings = {
				ASSETCATALOG_COMPILER_APPICON_NAME = AppIcon;
				CODE_SIGN_STYLE = Automatic;
				DEVELOPMENT_TEAM = QR6RCK8S4B;
				INFOPLIST_FILE = FreshGIFs/Info.plist;
				IPHONEOS_DEPLOYMENT_TARGET = 11.0;
				LD_RUNPATH_SEARCH_PATHS = "$(inherited) @executable_path/Frameworks";
				PRODUCT_BUNDLE_IDENTIFIER = sk.rgreso.FreshGIFs;
				PRODUCT_NAME = "$(TARGET_NAME)";
				SWIFT_VERSION = 4.0;
				TARGETED_DEVICE_FAMILY = 1;
			};
			name = Release;
		};
/* End XCBuildConfiguration section */

/* Begin XCConfigurationList section */
		26A4A7BA209186FF009B56CB /* Build configuration list for PBXProject "FreshGIFs" */ = {
			isa = XCConfigurationList;
			buildConfigurations = (
				26A4A7CF209186FF009B56CB /* Debug */,
				26A4A7D0209186FF009B56CB /* Release */,
			);
			defaultConfigurationIsVisible = 0;
			defaultConfigurationName = Release;
		};
		26A4A7D1209186FF009B56CB /* Build configuration list for PBXNativeTarget "FreshGIFs" */ = {
			isa = XCConfigurationList;
			buildConfigurations = (
				26A4A7D2209186FF009B56CB /* Debug */,
				26A4A7D3209186FF009B56CB /* Release */,
			);
			defaultConfigurationIsVisible = 0;
			defaultConfigurationName = Release;
		};
/* End XCConfigurationList section */
	};
	rootObject = 26A4A7B7209186FF009B56CB /* Project object */;
}
